{
  "lockfileVersion": 1,
  "configVersion": 1,
  "workspaces": {
    "": {
      "name": "dev-cli",
      "dependencies": {
        "@clack/prompts": "^1.0.0",
        "@optique/core": "^0.9.2",
        "@optique/run": "^0.9.2",
        "@stricli/auto-complete": "^1.2.5",
        "@stricli/core": "^1.2.5",
        "clipanion": "^4.0.0-rc.4",
        "cmd-ts": "^0.14.3",
        "enquirer": "^2.4.1",
        "yargs": "^18.0.0",
      },
      "devDependencies": {
        "@types/bun": "latest",
        "@types/yargs": "^17.0.35",
        "oxfmt": "^0.28.0",
        "oxlint": "^1.43.0",
        "oxlint-tsgolint": "^0.11.4",
        "typescript": "^5.9.3",
      },
    },
  },
  "packages": {
    "@clack/core": ["@clack/core@1.0.0", "", { "dependencies": { "picocolors": "^1.0.0", "sisteransi": "^1.0.5" } }, "sha512-Orf9Ltr5NeiEuVJS8Rk2XTw3IxNC2Bic3ash7GgYeA8LJ/zmSNpSQ/m5UAhe03lA6KFgklzZ5KTHs4OAMA/SAQ=="],

    "@clack/prompts": ["@clack/prompts@1.0.0", "", { "dependencies": { "@clack/core": "1.0.0", "picocolors": "^1.0.0", "sisteransi": "^1.0.5" } }, "sha512-rWPXg9UaCFqErJVQ+MecOaWsozjaxol4yjnmYcGNipAWzdaWa2x+VJmKfGq7L0APwBohQOYdHC+9RO4qRXej+A=="],

    "@optique/core": ["@optique/core@0.9.2", "", {}, "sha512-UpDMdV1hdHF1qZJVZKsQpLOnQMajwjBny+DBjP+yyH95fBqJQPnUGrhARn6R/REPnchoxQWjwPRhSjTHnS4rPA=="],

    "@optique/run": ["@optique/run@0.9.2", "", { "dependencies": { "@optique/core": "0.9.2" } }, "sha512-kEIvyOhOSFtCHj5f68TcsYYpkwL43alznalBOsfeAMRNhC2NQRoYHfZ4QHgmUZ8bfG/oZgjt1fAq8pKXGWhD+Q=="],

    "@oxfmt/darwin-arm64": ["@oxfmt/darwin-arm64@0.28.0", "", { "os": "darwin", "cpu": "arm64" }, "sha512-jmUfF7cNJPw57bEK7sMIqrYRgn4LH428tSgtgLTCtjuGuu1ShREyrkeB7y8HtkXRfhBs4lVY+HMLhqElJvZ6ww=="],

    "@oxfmt/darwin-x64": ["@oxfmt/darwin-x64@0.28.0", "", { "os": "darwin", "cpu": "x64" }, "sha512-S6vlV8S7jbjzJOSjfVg2CimUC0r7/aHDLdUm/3+/B/SU/s1jV7ivqWkMv1/8EB43d1BBwT9JQ60ZMTkBqeXSFA=="],

    "@oxfmt/linux-arm64-gnu": ["@oxfmt/linux-arm64-gnu@0.28.0", "", { "os": "linux", "cpu": "arm64" }, "sha512-TfJkMZjePbLiskmxFXVAbGI/OZtD+y+fwS0wyW8O6DWG0ARTf0AipY9zGwGoOdpFuXOJceXvN4SHGLbYNDMY4Q=="],

    "@oxfmt/linux-arm64-musl": ["@oxfmt/linux-arm64-musl@0.28.0", "", { "os": "linux", "cpu": "arm64" }, "sha512-7fyQUdW203v4WWGr1T3jwTz4L7KX9y5DeATryQ6fLT6QQp9GEuct8/k0lYhd+ys42iTV/IkJF20e3YkfSOOILg=="],

    "@oxfmt/linux-x64-gnu": ["@oxfmt/linux-x64-gnu@0.28.0", "", { "os": "linux", "cpu": "x64" }, "sha512-sRKqAvEonuz0qr1X1ncUZceOBJerKzkO2gZIZmosvy/JmqyffpIFL3OE2tqacFkeDhrC+dNYQpusO8zsfHo3pw=="],

    "@oxfmt/linux-x64-musl": ["@oxfmt/linux-x64-musl@0.28.0", "", { "os": "linux", "cpu": "x64" }, "sha512-fW6czbXutX/tdQe8j4nSIgkUox9RXqjyxwyWXUDItpoDkoXllq17qbD7GVc0whrEhYQC6hFE1UEAcDypLJoSzw=="],

    "@oxfmt/win32-arm64": ["@oxfmt/win32-arm64@0.28.0", "", { "os": "win32", "cpu": "arm64" }, "sha512-D/HDeQBAQRjTbD9OLV6kRDcStrIfO+JsUODDCdGmhRfNX8LPCx95GpfyybpZfn3wVF8Jq/yjPXV1xLkQ+s7RcA=="],

    "@oxfmt/win32-x64": ["@oxfmt/win32-x64@0.28.0", "", { "os": "win32", "cpu": "x64" }, "sha512-4+S2j4OxOIyo8dz5osm5dZuL0yVmxXvtmNdHB5xyGwAWVvyWNvf7tCaQD7w2fdSsAXQLOvK7KFQrHFe33nJUCA=="],

    "@oxlint-tsgolint/darwin-arm64": ["@oxlint-tsgolint/darwin-arm64@0.11.5", "", { "os": "darwin", "cpu": "arm64" }, "sha512-mzsjJVIUgcGJovBXME63VW2Uau7MS/xCe7xdYj2BplSCuRb5Yoy7WuwCIlbD5ISHjnS6rx26oD2kmzHLRV5Wfw=="],

    "@oxlint-tsgolint/darwin-x64": ["@oxlint-tsgolint/darwin-x64@0.11.5", "", { "os": "darwin", "cpu": "x64" }, "sha512-zItUS0qLzSzVy0ZQHc4MOphA9lVeP5jffsgZFLCdo+JqmkbVZ14aDtiVUHSHi2hia+qatbb109CHQ9YIl0x7+A=="],

    "@oxlint-tsgolint/linux-arm64": ["@oxlint-tsgolint/linux-arm64@0.11.5", "", { "os": "linux", "cpu": "arm64" }, "sha512-R0r/3QTdMtIjfUOM1oxIaCV0s+j7xrnUe4CXo10ZbBzlXfMesWYNcf/oCrhsy87w0kCPFsg58nAdKaIR8xylFg=="],

    "@oxlint-tsgolint/linux-x64": ["@oxlint-tsgolint/linux-x64@0.11.5", "", { "os": "linux", "cpu": "x64" }, "sha512-g23J3T29EHWUQYC6aTwLnhwcFtjQh+VfxyGuFjYGGTLhESdlQH9E/pwsN8K9HaAiYWjI51m3r3BqQjXxEW8Jjg=="],

    "@oxlint-tsgolint/win32-arm64": ["@oxlint-tsgolint/win32-arm64@0.11.5", "", { "os": "win32", "cpu": "arm64" }, "sha512-MJNT/MPUIZKQCRtCX5s6pCnoe7If/i3RjJzFMe4kSLomRsHrNFYOJBwt4+w/Hqfyg9jNOgR8tbgdx6ofjHaPMQ=="],

    "@oxlint-tsgolint/win32-x64": ["@oxlint-tsgolint/win32-x64@0.11.5", "", { "os": "win32", "cpu": "x64" }, "sha512-IQmj4EkcZOBlLnj1CdxKFrWT7NAWXZ9ypZ874X/w7S5gRzB2sO4KmE6Z0MWxx05pL9AQF+CWVRjZrKVIYWTzPg=="],

    "@oxlint/binding-android-arm-eabi": ["@oxlint/binding-android-arm-eabi@1.46.0", "", { "os": "android", "cpu": "arm" }, "sha512-vLPcE+HcZ/W/0cVA1KLuAnoUSejGougDH/fDjBFf0Q+rbBIyBNLevOhgx3AnBNAt3hcIGY7U05ISbJCKZeVa3w=="],

    "@oxlint/binding-android-arm64": ["@oxlint/binding-android-arm64@1.46.0", "", { "os": "android", "cpu": "arm64" }, "sha512-b8IqCczUsirdtJ3R/be4cRm64I5pMPafMO/9xyTAZvc+R/FxZHMQuhw0iNT9hQwRn+Uo5rNAoA8QS7QurG2QeA=="],

    "@oxlint/binding-darwin-arm64": ["@oxlint/binding-darwin-arm64@1.46.0", "", { "os": "darwin", "cpu": "arm64" }, "sha512-CfC/KGnNMhI01dkfCMjquKnW4zby3kqD5o/9XA7+pgo9I4b+Nipm+JVFyZPWMNwKqLXNmi35GTLWjs9svPxlew=="],

    "@oxlint/binding-darwin-x64": ["@oxlint/binding-darwin-x64@1.46.0", "", { "os": "darwin", "cpu": "x64" }, "sha512-m38mKPsV3rBdWOJ4TAGZiUjWU8RGrBxsmdSeMQ0bPr/8O6CUOm/RJkPBf0GAfPms2WRVcbkfEXvIiPshAeFkeA=="],

    "@oxlint/binding-freebsd-x64": ["@oxlint/binding-freebsd-x64@1.46.0", "", { "os": "freebsd", "cpu": "x64" }, "sha512-YaFRKslSAfuMwn7ejS1/wo9jENqQigpGBjjThX+mrpmEROLYGky+zIC5xSVGRng28U92VEDVbSNJ/sguz3dUAA=="],

    "@oxlint/binding-linux-arm-gnueabihf": ["@oxlint/binding-linux-arm-gnueabihf@1.46.0", "", { "os": "linux", "cpu": "arm" }, "sha512-Nlw+5mSZQtkg1Oj0N8ulxzG8ATpmSDz5V2DNaGhaYAVlcdR8NYSm/xTOnweOXc/UOOv3LwkPPYzqcfPhu2lEkA=="],

    "@oxlint/binding-linux-arm-musleabihf": ["@oxlint/binding-linux-arm-musleabihf@1.46.0", "", { "os": "linux", "cpu": "arm" }, "sha512-d3Y5y4ukMqAGnWLMKpwqj8ftNUaac7pA0NrId4AZ77JvHzezmxEcm2gswaBw2HW8y1pnq6KDB0vEPPvpTfDLrA=="],

    "@oxlint/binding-linux-arm64-gnu": ["@oxlint/binding-linux-arm64-gnu@1.46.0", "", { "os": "linux", "cpu": "arm64" }, "sha512-jkjx+XSOPuFR+C458prQmehO+v0VK19/3Hj2mOYDF4hHUf3CzmtA4fTmQUtkITZiGHnky7Oao6JeJX24mrX7WQ=="],

    "@oxlint/binding-linux-arm64-musl": ["@oxlint/binding-linux-arm64-musl@1.46.0", "", { "os": "linux", "cpu": "arm64" }, "sha512-X/aPB1rpJUdykjWSeeGIbjk6qbD8VDulgLuTSMWgr/t6m1ljcAjqHb1g49pVG9bZl55zjECgzvlpPLWnfb4FMQ=="],

    "@oxlint/binding-linux-ppc64-gnu": ["@oxlint/binding-linux-ppc64-gnu@1.46.0", "", { "os": "linux", "cpu": "ppc64" }, "sha512-AymyOxGWwKY2KJa8b+h8iLrYJZbWKYCjqctSc2q6uIAkYPrCsxcWlge1JP6XZ14Sa80DVMwI/QvktbytSV+xVw=="],

    "@oxlint/binding-linux-riscv64-gnu": ["@oxlint/binding-linux-riscv64-gnu@1.46.0", "", { "os": "linux", "cpu": "none" }, "sha512-PkeVdPKCDA59rlMuucsel2LjlNEpslQN5AhkMMorIJZItbbqi/0JSuACCzaiIcXYv0oNfbeQ8rbOBikv+aT6cg=="],

    "@oxlint/binding-linux-riscv64-musl": ["@oxlint/binding-linux-riscv64-musl@1.46.0", "", { "os": "linux", "cpu": "none" }, "sha512-snQaRLO/X+Ry/CxX1px1g8GUbmXzymdRs+/RkP2bySHWZFhFDtbLm2hA1ujX/jKlTLMJDZn4hYzFGLDwG/Rh2w=="],

    "@oxlint/binding-linux-s390x-gnu": ["@oxlint/binding-linux-s390x-gnu@1.46.0", "", { "os": "linux", "cpu": "s390x" }, "sha512-kZhDMwUe/sgDTluGao9c0Dqc1JzV6wPzfGo0l/FLQdh5Zmp39Yg1FbBsCgsJfVKmKl1fNqsHyFLTShWMOlOEhA=="],

    "@oxlint/binding-linux-x64-gnu": ["@oxlint/binding-linux-x64-gnu@1.46.0", "", { "os": "linux", "cpu": "x64" }, "sha512-n5a7VtQTxHZ13cNAKQc3ziARv5bE1Fx868v/tnhZNVUjaRNYe5uiUrRJ/LZghdAzOxVuQGarjjq/q4QM2+9OPA=="],

    "@oxlint/binding-linux-x64-musl": ["@oxlint/binding-linux-x64-musl@1.46.0", "", { "os": "linux", "cpu": "x64" }, "sha512-KpsDU/BhdVn3iKCLxMXAOZIpO8fS0jEA5iluRoK1rhHPwKtpzEm/OCwERsu/vboMSZm66qnoTUVXRPJ8M+iKVQ=="],

    "@oxlint/binding-openharmony-arm64": ["@oxlint/binding-openharmony-arm64@1.46.0", "", { "os": "none", "cpu": "arm64" }, "sha512-jtbqUyEXlsDlRmMtTZqNbw49+1V/WxqNAR5l0S3OEkdat9diI5I+eqq9IT+jb5cSDdszTGcXpn7S3+gUYSydxQ=="],

    "@oxlint/binding-win32-arm64-msvc": ["@oxlint/binding-win32-arm64-msvc@1.46.0", "", { "os": "win32", "cpu": "arm64" }, "sha512-EE8NjpqEZPwHQVigNvdyJ11dZwWIfsfn4VeBAuiJeAdrnY4HFX27mIjJINJgP5ZdBYEFV1OWH/eb9fURCYel8w=="],

    "@oxlint/binding-win32-ia32-msvc": ["@oxlint/binding-win32-ia32-msvc@1.46.0", "", { "os": "win32", "cpu": "ia32" }, "sha512-BHyk3H/HRdXs+uImGZ/2+qCET+B8lwGHOm7m54JiJEEUWf3zYCFX/Df1SPqtozWWmnBvioxoTG1J3mPRAr8KUA=="],

    "@oxlint/binding-win32-x64-msvc": ["@oxlint/binding-win32-x64-msvc@1.46.0", "", { "os": "win32", "cpu": "x64" }, "sha512-DJbQsSJUr4KSi9uU0QqOgI7PX2C+fKGZX+YDprt3vM2sC0dWZsgVTLoN2vtkNyEWJSY2mnvRFUshWXT3bmo0Ug=="],

    "@stricli/auto-complete": ["@stricli/auto-complete@1.2.5", "", { "dependencies": { "@stricli/core": "^1.2.5" }, "bin": { "auto-complete": "dist/bin/cli.js" } }, "sha512-C6G88Hh4lUWBwiqsxbcA4I1ricSQwiLaOziTWW3NmBoX7WGTW7i7RvyooXMpZk1YMLf2olv5Odxmg127ik1DKQ=="],

    "@stricli/core": ["@stricli/core@1.2.5", "", {}, "sha512-+afyztQW7fwWkqmU2WQZbdc3LjnZThWYdtE0l+hykZ1Rvy7YGxZSvsVCS/wZ/2BNv117pQ9TU1GZZRIcPnB4tw=="],

    "@types/bun": ["@types/bun@1.3.9", "", { "dependencies": { "bun-types": "1.3.9" } }, "sha512-KQ571yULOdWJiMH+RIWIOZ7B2RXQGpL1YQrBtLIV3FqDcCu6FsbFUBwhdKUlCKUpS3PJDsHlJ1QKlpxoVR+xtw=="],

    "@types/node": ["@types/node@25.2.3", "", { "dependencies": { "undici-types": "~7.16.0" } }, "sha512-m0jEgYlYz+mDJZ2+F4v8D1AyQb+QzsNqRuI7xg1VQX/KlKS0qT9r1Mo16yo5F/MtifXFgaofIFsdFMox2SxIbQ=="],

    "@types/yargs": ["@types/yargs@17.0.35", "", { "dependencies": { "@types/yargs-parser": "*" } }, "sha512-qUHkeCyQFxMXg79wQfTtfndEC+N9ZZg76HJftDJp+qH2tV7Gj4OJi7l+PiWwJ+pWtW8GwSmqsDj/oymhrTWXjg=="],

    "@types/yargs-parser": ["@types/yargs-parser@21.0.3", "", {}, "sha512-I4q9QU9MQv4oEOz4tAHJtNz1cwuLxn2F3xcc2iV5WdqLPpUnj30aUuxt1mAxYTG+oe8CZMV/+6rU4S4gRDzqtQ=="],

    "ansi-colors": ["ansi-colors@4.1.3", "", {}, "sha512-/6w/C21Pm1A7aZitlI5Ni/2J6FFQN8i1Cvz3kHABAAbw93v/NlvKdVOqz7CCWz/3iv/JplRSEEZ83XION15ovw=="],

    "ansi-regex": ["ansi-regex@6.2.2", "", {}, "sha512-Bq3SmSpyFHaWjPk8If9yc6svM8c56dB5BAtW4Qbw5jHTwwXXcTLoRMkpDJp6VL0XzlWaCHTXrkFURMYmD0sLqg=="],

    "ansi-styles": ["ansi-styles@6.2.3", "", {}, "sha512-4Dj6M28JB+oAH8kFkTLUo+a2jwOFkuqb3yucU0CANcRRUbxS0cP0nZYCGjcc3BNXwRIsUVmDGgzawme7zvJHvg=="],

    "bun-types": ["bun-types@1.3.9", "", { "dependencies": { "@types/node": "*" } }, "sha512-+UBWWOakIP4Tswh0Bt0QD0alpTY8cb5hvgiYeWCMet9YukHbzuruIEeXC2D7nMJPB12kbh8C7XJykSexEqGKJg=="],

    "chalk": ["chalk@5.6.2", "", {}, "sha512-7NzBL0rN6fMUW+f7A6Io4h40qQlG+xGmtMxfbnH/K7TAtt8JQWVQK+6g0UXKMeVJoyV5EkkNsErQ8pVD3bLHbA=="],

    "clipanion": ["clipanion@4.0.0-rc.4", "", { "dependencies": { "typanion": "^3.8.0" } }, "sha512-CXkMQxU6s9GklO/1f714dkKBMu1lopS1WFF0B8o4AxPykR1hpozxSiUZ5ZUeBjfPgCWqbcNOtZVFhB8Lkfp1+Q=="],

    "cliui": ["cliui@9.0.1", "", { "dependencies": { "string-width": "^7.2.0", "strip-ansi": "^7.1.0", "wrap-ansi": "^9.0.0" } }, "sha512-k7ndgKhwoQveBL+/1tqGJYNz097I7WOvwbmmU2AR5+magtbjPWQTS1C5vzGkBC8Ym8UWRzfKUzUUqFLypY4Q+w=="],

    "cmd-ts": ["cmd-ts@0.14.3", "", { "dependencies": { "chalk": "^5.4.1", "debug": "^4.4.1", "didyoumean": "^1.2.2", "strip-ansi": "^7.1.0" } }, "sha512-i9miaLBHGPn4T4vUFUdAdWoQ9HI8ato6usFrhubO21o/MQGqI6Nsqyd4ncZusT2chvPetNMmTt0JWkbaAOdWPg=="],

    "debug": ["debug@4.4.3", "", { "dependencies": { "ms": "^2.1.3" } }, "sha512-RGwwWnwQvkVfavKVt22FGLw+xYSdzARwm0ru6DhTVA3umU5hZc28V3kO4stgYryrTlLpuvgI9GiijltAjNbcqA=="],

    "didyoumean": ["didyoumean@1.2.2", "", {}, "sha512-gxtyfqMg7GKyhQmb056K7M3xszy/myH8w+B4RT+QXBQsvAOdc3XymqDDPHx1BgPgsdAA5SIifona89YtRATDzw=="],

    "emoji-regex": ["emoji-regex@10.6.0", "", {}, "sha512-toUI84YS5YmxW219erniWD0CIVOo46xGKColeNQRgOzDorgBi1v4D71/OFzgD9GO2UGKIv1C3Sp8DAn0+j5w7A=="],

    "enquirer": ["enquirer@2.4.1", "", { "dependencies": { "ansi-colors": "^4.1.1", "strip-ansi": "^6.0.1" } }, "sha512-rRqJg/6gd538VHvR3PSrdRBb/1Vy2YfzHqzvbhGIQpDRKIa4FgV/54b5Q1xYSxOOwKvjXweS26E0Q+nAMwp2pQ=="],

    "escalade": ["escalade@3.2.0", "", {}, "sha512-WUj2qlxaQtO4g6Pq5c29GTcWGDyd8itL8zTlipgECz3JesAiiOKotd8JU6otB3PACgG6xkJUyVhboMS+bje/jA=="],

    "get-caller-file": ["get-caller-file@2.0.5", "", {}, "sha512-DyFP3BM/3YHTQOCUL/w0OZHR0lpKeGrxotcHWcqNEdnltqFwXVfhEBQ94eIo34AfQpo0rGki4cyIiftY06h2Fg=="],

    "get-east-asian-width": ["get-east-asian-width@1.4.0", "", {}, "sha512-QZjmEOC+IT1uk6Rx0sX22V6uHWVwbdbxf1faPqJ1QhLdGgsRGCZoyaQBm/piRdJy/D2um6hM1UP7ZEeQ4EkP+Q=="],

    "ms": ["ms@2.1.3", "", {}, "sha512-6FlzubTLZG3J2a/NVCAleEhjzq5oxgHyaCU9yYXvcLsvoVaHJq/s5xXI6/XXP6tz7R9xAOtHnSO/tXtF3WRTlA=="],

    "oxfmt": ["oxfmt@0.28.0", "", { "dependencies": { "tinypool": "2.1.0" }, "optionalDependencies": { "@oxfmt/darwin-arm64": "0.28.0", "@oxfmt/darwin-x64": "0.28.0", "@oxfmt/linux-arm64-gnu": "0.28.0", "@oxfmt/linux-arm64-musl": "0.28.0", "@oxfmt/linux-x64-gnu": "0.28.0", "@oxfmt/linux-x64-musl": "0.28.0", "@oxfmt/win32-arm64": "0.28.0", "@oxfmt/win32-x64": "0.28.0" }, "bin": { "oxfmt": "bin/oxfmt" } }, "sha512-3+hhBqPE6Kp22KfJmnstrZbl+KdOVSEu1V0ABaFIg1rYLtrMgrupx9znnHgHLqKxAVHebjTdiCJDk30CXOt6cw=="],

    "oxlint": ["oxlint@1.46.0", "", { "optionalDependencies": { "@oxlint/binding-android-arm-eabi": "1.46.0", "@oxlint/binding-android-arm64": "1.46.0", "@oxlint/binding-darwin-arm64": "1.46.0", "@oxlint/binding-darwin-x64": "1.46.0", "@oxlint/binding-freebsd-x64": "1.46.0", "@oxlint/binding-linux-arm-gnueabihf": "1.46.0", "@oxlint/binding-linux-arm-musleabihf": "1.46.0", "@oxlint/binding-linux-arm64-gnu": "1.46.0", "@oxlint/binding-linux-arm64-musl": "1.46.0", "@oxlint/binding-linux-ppc64-gnu": "1.46.0", "@oxlint/binding-linux-riscv64-gnu": "1.46.0", "@oxlint/binding-linux-riscv64-musl": "1.46.0", "@oxlint/binding-linux-s390x-gnu": "1.46.0", "@oxlint/binding-linux-x64-gnu": "1.46.0", "@oxlint/binding-linux-x64-musl": "1.46.0", "@oxlint/binding-openharmony-arm64": "1.46.0", "@oxlint/binding-win32-arm64-msvc": "1.46.0", "@oxlint/binding-win32-ia32-msvc": "1.46.0", "@oxlint/binding-win32-x64-msvc": "1.46.0" }, "peerDependencies": { "oxlint-tsgolint": ">=0.11.2" }, "optionalPeers": ["oxlint-tsgolint"], "bin": { "oxlint": "bin/oxlint" } }, "sha512-I9h42QDtAVsRwoueJ4PL/7qN5jFzIUXvbO4Z5ddtII92ZCiD7uiS/JW2V4viBSfGLsbZkQp3YEs6Ls4I8q+8tA=="],

    "oxlint-tsgolint": ["oxlint-tsgolint@0.11.5", "", { "optionalDependencies": { "@oxlint-tsgolint/darwin-arm64": "0.11.5", "@oxlint-tsgolint/darwin-x64": "0.11.5", "@oxlint-tsgolint/linux-arm64": "0.11.5", "@oxlint-tsgolint/linux-x64": "0.11.5", "@oxlint-tsgolint/win32-arm64": "0.11.5", "@oxlint-tsgolint/win32-x64": "0.11.5" }, "bin": { "tsgolint": "bin/tsgolint.js" } }, "sha512-4uVv43EhkeMvlxDU1GUsR5P5c0q74rB/pQRhjGsTOnMIrDbg3TABTntRyeAkmXItqVEJTcDRv9+Yk+LFXkHKlg=="],

    "picocolors": ["picocolors@1.1.1", "", {}, "sha512-xceH2snhtb5M9liqDsmEw56le376mTZkEX/jEb/RxNFyegNul7eNslCXP9FDj/Lcu0X8KEyMceP2ntpaHrDEVA=="],

    "sisteransi": ["sisteransi@1.0.5", "", {}, "sha512-bLGGlR1QxBcynn2d5YmDX4MGjlZvy2MRBDRNHLJ8VI6l6+9FUiyTFNJ0IveOSP0bcXgVDPRcfGqA0pjaqUpfVg=="],

    "string-width": ["string-width@7.2.0", "", { "dependencies": { "emoji-regex": "^10.3.0", "get-east-asian-width": "^1.0.0", "strip-ansi": "^7.1.0" } }, "sha512-tsaTIkKW9b4N+AEj+SVA+WhJzV7/zMhcSu78mLKWSk7cXMOSHsBKFWUs0fWwq8QyK3MgJBQRX6Gbi4kYbdvGkQ=="],

    "strip-ansi": ["strip-ansi@7.1.2", "", { "dependencies": { "ansi-regex": "^6.0.1" } }, "sha512-gmBGslpoQJtgnMAvOVqGZpEz9dyoKTCzy2nfz/n8aIFhN/jCE/rCmcxabB6jOOHV+0WNnylOxaxBQPSvcWklhA=="],

    "tinypool": ["tinypool@2.1.0", "", {}, "sha512-Pugqs6M0m7Lv1I7FtxN4aoyToKg1C4tu+/381vH35y8oENM/Ai7f7C4StcoK4/+BSw9ebcS8jRiVrORFKCALLw=="],

    "typanion": ["typanion@3.14.0", "", {}, "sha512-ZW/lVMRabETuYCd9O9ZvMhAh8GslSqaUjxmK/JLPCh6l73CvLBiuXswj/+7LdnWOgYsQ130FqLzFz5aGT4I3Ug=="],

    "typescript": ["typescript@5.9.3", "", { "bin": { "tsc": "bin/tsc", "tsserver": "bin/tsserver" } }, "sha512-jl1vZzPDinLr9eUt3J/t7V6FgNEw9QjvBPdysz9KfQDD41fQrC2Y4vKQdiaUpFT4bXlb1RHhLpp8wtm6M5TgSw=="],

    "undici-types": ["undici-types@7.16.0", "", {}, "sha512-Zz+aZWSj8LE6zoxD+xrjh4VfkIG8Ya6LvYkZqtUQGJPZjYl53ypCaUwWqo7eI0x66KBGeRo+mlBEkMSeSZ38Nw=="],

    "wrap-ansi": ["wrap-ansi@9.0.2", "", { "dependencies": { "ansi-styles": "^6.2.1", "string-width": "^7.0.0", "strip-ansi": "^7.1.0" } }, "sha512-42AtmgqjV+X1VpdOfyTGOYRi0/zsoLqtXQckTmqTeybT+BDIbM/Guxo7x3pE2vtpr1ok6xRqM9OpBe+Jyoqyww=="],

    "y18n": ["y18n@5.0.8", "", {}, "sha512-0pfFzegeDWJHJIAmTLRP2DwHjdF5s7jo9tuztdQxAhINCdvS+3nGINqPd00AphqJR/0LhANUS6/+7SCb98YOfA=="],

    "yargs": ["yargs@18.0.0", "", { "dependencies": { "cliui": "^9.0.1", "escalade": "^3.1.1", "get-caller-file": "^2.0.5", "string-width": "^7.2.0", "y18n": "^5.0.5", "yargs-parser": "^22.0.0" } }, "sha512-4UEqdc2RYGHZc7Doyqkrqiln3p9X2DZVxaGbwhn2pi7MrRagKaOcIKe8L3OxYcbhXLgLFUS3zAYuQjKBQgmuNg=="],

    "yargs-parser": ["yargs-parser@22.0.0", "", {}, "sha512-rwu/ClNdSMpkSrUb+d6BRsSkLUq1fmfsY6TOpYzTwvwkg1/NRG85KBy3kq++A8LKQwX6lsu+aWad+2khvuXrqw=="],

    "enquirer/strip-ansi": ["strip-ansi@6.0.1", "", { "dependencies": { "ansi-regex": "^5.0.1" } }, "sha512-Y38VPSHcqkFrCpFnQ9vuSXmquuv5oXOKpGeT6aGrr3o3Gc9AlVa6JBfUSOCnbxGGZF+/0ooI7KrPuUSztUdU5A=="],

    "enquirer/strip-ansi/ansi-regex": ["ansi-regex@5.0.1", "", {}, "sha512-quJQXlTSUGL2LH9SUXo8VwsY4soanhgo6LNSm84E1LBcE8s3O0wpdiRzyR9z/ZZJMlMWv37qOOb9pdJlMUEKFQ=="],
  }
}
